{
  "name": "@aryaminus/controlkeel",
  "version": "0.4.3",
  "lockfileVersion": 3,
  "requires": true,
  "packages": {
    "": {
      "name": "@aryaminus/controlkeel",
      "version": "0.4.3",
      "license": "Apache-2.0",
      "bin": {
        "controlkeel": "bin/controlkeel.js"
      },
      "engines": {
        "node": ">=18"
      }
    }
  }
}
